lockfileVersion: '6.0'

settings:
  autoInstallPeers: true
  excludeLinksFromLockfile: false

devDependencies:
  '@rollup/plugin-terser':
    specifier: ^0.4.4
    version: 0.4.4(rollup@4.9.0)
  rollup:
    specifier: ^4.9.0
    version: 4.9.0

packages:

  /@jridgewell/gen-mapping@0.3.3:
    resolution: {integrity: sha512-HLhSWOLRi875zjjMG/r+Nv0oCW8umGb0BgEhyX3dDX3egwZtB8PqLnjz3yedt8R5StBrzcg4aBpnh8UA9D1BoQ==}
    engines: {node: '>=6.0.0'}
    dependencies:
      '@jridgewell/set-array': 1.1.2
      '@jridgewell/sourcemap-codec': 1.4.15
      '@jridgewell/trace-mapping': 0.3.20
    dev: true

  /@jridgewell/resolve-uri@3.1.1:
    resolution: {integrity: sha512-dSYZh7HhCDtCKm4QakX0xFpsRDqjjtZf/kjI/v3T3Nwt5r8/qz/M19F9ySyOqU94SXBmeG9ttTul+YnR4LOxFA==}
    engines: {node: '>=6.0.0'}
    dev: true

  /@jridgewell/set-array@1.1.2:
    resolution: {integrity: sha512-xnkseuNADM0gt2bs+BvhO0p78Mk762YnZdsuzFV018NoG1Sj1SCQvpSqa7XUaTam5vAGasABV9qXASMKnFMwMw==}
    engines: {node: '>=6.0.0'}
    dev: true

  /@jridgewell/source-map@0.3.5:
    resolution: {integrity: sha512-UTYAUj/wviwdsMfzoSJspJxbkH5o1snzwX0//0ENX1u/55kkZZkcTZP6u9bwKGkv+dkk9at4m1Cpt0uY80kcpQ==}
    dependencies:
      '@jridgewell/gen-mapping': 0.3.3
      '@jridgewell/trace-mapping': 0.3.20
    dev: true

  /@jridgewell/sourcemap-codec@1.4.15:
    resolution: {integrity: sha512-eF2rxCRulEKXHTRiDrDy6erMYWqNw4LPdQ8UQA4huuxaQsVeRPFl2oM8oDGxMFhJUWZf9McpLtJasDDZb/Bpeg==}
    dev: true

  /@jridgewell/trace-mapping@0.3.20:
    resolution: {integrity: sha512-R8LcPeWZol2zR8mmH3JeKQ6QRCFb7XgUhV9ZlGhHLGyg4wpPiPZNQOOWhFZhxKw8u//yTbNGI42Bx/3paXEQ+Q==}
    dependencies:
      '@jridgewell/resolve-uri': 3.1.1
      '@jridgewell/sourcemap-codec': 1.4.15
    dev: true

  /@rollup/plugin-terser@0.4.4(rollup@4.9.0):
    resolution: {integrity: sha512-XHeJC5Bgvs8LfukDwWZp7yeqin6ns8RTl2B9avbejt6tZqsqvVoWI7ZTQrcNsfKEDWBTnTxM8nMDkO2IFFbd0A==}
    engines: {node: '>=14.0.0'}
    peerDependencies:
      rollup: ^2.0.0||^3.0.0||^4.0.0
    peerDependenciesMeta:
      rollup:
        optional: true
    dependencies:
      rollup: 4.9.0
      serialize-javascript: 6.0.1
      smob: 1.4.1
      terser: 5.26.0
    dev: true

  /@rollup/rollup-android-arm-eabi@4.9.0:
    resolution: {integrity: sha512-+1ge/xmaJpm1KVBuIH38Z94zj9fBD+hp+/5WLaHgyY8XLq1ibxk/zj6dTXaqM2cAbYKq8jYlhHd6k05If1W5xA==}
    cpu: [arm]
    os: [android]
    requiresBuild: true
    dev: true
    optional: true

  /@rollup/rollup-android-arm64@4.9.0:
    resolution: {integrity: sha512-im6hUEyQ7ZfoZdNvtwgEJvBWZYauC9KVKq1w58LG2Zfz6zMd8gRrbN+xCVoqA2hv/v6fm9lp5LFGJ3za8EQH3A==}
    cpu: [arm64]
    os: [android]
    requiresBuild: true
    dev: true
    optional: true

  /@rollup/rollup-darwin-arm64@4.9.0:
    resolution: {integrity: sha512-u7aTMskN6Dmg1lCT0QJ+tINRt+ntUrvVkhbPfFz4bCwRZvjItx2nJtwJnJRlKMMaQCHRjrNqHRDYvE4mBm3DlQ==}
    cpu: [arm64]
    os: [darwin]
    requiresBuild: true
    dev: true
    optional: true

  /@rollup/rollup-darwin-x64@4.9.0:
    resolution: {integrity: sha512-8FvEl3w2ExmpcOmX5RJD0yqXcVSOqAJJUJ29Lca29Ik+3zPS1yFimr2fr5JSZ4Z5gt8/d7WqycpgkX9nocijSw==}
    cpu: [x64]
    os: [darwin]
    requiresBuild: true
    dev: true
    optional: true

  /@rollup/rollup-linux-arm-gnueabihf@4.9.0:
    resolution: {integrity: sha512-lHoKYaRwd4gge+IpqJHCY+8Vc3hhdJfU6ukFnnrJasEBUvVlydP8PuwndbWfGkdgSvZhHfSEw6urrlBj0TSSfg==}
    cpu: [arm]
    os: [linux]
    requiresBuild: true
    dev: true
    optional: true

  /@rollup/rollup-linux-arm64-gnu@4.9.0:
    resolution: {integrity: sha512-JbEPfhndYeWHfOSeh4DOFvNXrj7ls9S/2omijVsao+LBPTPayT1uKcK3dHW3MwDJ7KO11t9m2cVTqXnTKpeaiw==}
    cpu: [arm64]
    os: [linux]
    requiresBuild: true
    dev: true
    optional: true

  /@rollup/rollup-linux-arm64-musl@4.9.0:
    resolution: {integrity: sha512-ahqcSXLlcV2XUBM3/f/C6cRoh7NxYA/W7Yzuv4bDU1YscTFw7ay4LmD7l6OS8EMhTNvcrWGkEettL1Bhjf+B+w==}
    cpu: [arm64]
    os: [linux]
    requiresBuild: true
    dev: true
    optional: true

  /@rollup/rollup-linux-riscv64-gnu@4.9.0:
    resolution: {integrity: sha512-uwvOYNtLw8gVtrExKhdFsYHA/kotURUmZYlinH2VcQxNCQJeJXnkmWgw2hI9Xgzhgu7J9QvWiq9TtTVwWMDa+w==}
    cpu: [riscv64]
    os: [linux]
    requiresBuild: true
    dev: true
    optional: true

  /@rollup/rollup-linux-x64-gnu@4.9.0:
    resolution: {integrity: sha512-m6pkSwcZZD2LCFHZX/zW2aLIISyzWLU3hrLLzQKMI12+OLEzgruTovAxY5sCZJkipklaZqPy/2bEEBNjp+Y7xg==}
    cpu: [x64]
    os: [linux]
    requiresBuild: true
    dev: true
    optional: true

  /@rollup/rollup-linux-x64-musl@4.9.0:
    resolution: {integrity: sha512-VFAC1RDRSbU3iOF98X42KaVicAfKf0m0OvIu8dbnqhTe26Kh6Ym9JrDulz7Hbk7/9zGc41JkV02g+p3BivOdAg==}
    cpu: [x64]
    os: [linux]
    requiresBuild: true
    dev: true
    optional: true

  /@rollup/rollup-win32-arm64-msvc@4.9.0:
    resolution: {integrity: sha512-9jPgMvTKXARz4inw6jezMLA2ihDBvgIU9Ml01hjdVpOcMKyxFBJrn83KVQINnbeqDv0+HdO1c09hgZ8N0s820Q==}
    cpu: [arm64]
    os: [win32]
    requiresBuild: true
    dev: true
    optional: true

  /@rollup/rollup-win32-ia32-msvc@4.9.0:
    resolution: {integrity: sha512-WE4pT2kTXQN2bAv40Uog0AsV7/s9nT9HBWXAou8+++MBCnY51QS02KYtm6dQxxosKi1VIz/wZIrTQO5UP2EW+Q==}
    cpu: [ia32]
    os: [win32]
    requiresBuild: true
    dev: true
    optional: true

  /@rollup/rollup-win32-x64-msvc@4.9.0:
    resolution: {integrity: sha512-aPP5Q5AqNGuT0tnuEkK/g4mnt3ZhheiXrDIiSVIHN9mcN21OyXDVbEMqmXPE7e2OplNLDkcvV+ZoGJa2ZImFgw==}
    cpu: [x64]
    os: [win32]
    requiresBuild: true
    dev: true
    optional: true

  /acorn@8.11.2:
    resolution: {integrity: sha512-nc0Axzp/0FILLEVsm4fNwLCwMttvhEI263QtVPQcbpfZZ3ts0hLsZGOpE6czNlid7CJ9MlyH8reXkpsf3YUY4w==}
    engines: {node: '>=0.4.0'}
    hasBin: true
    dev: true

  /buffer-from@1.1.2:
    resolution: {integrity: sha512-E+XQCRwSbaaiChtv6k6Dwgc+bx+Bs6vuKJHHl5kox/BaKbhiXzqQOwK4cO22yElGp2OCmjwVhT3HmxgyPGnJfQ==}
    dev: true

  /commander@2.20.3:
    resolution: {integrity: sha512-GpVkmM8vF2vQUkj2LvZmD35JxeJOLCwJ9cUkugyk2nuhbv3+mJvpLYYt+0+USMxE+oj+ey/lJEnhZw75x/OMcQ==}
    dev: true

  /fsevents@2.3.3:
    resolution: {integrity: sha512-5xoDfX+fL7faATnagmWPpbFtwh/R77WmMMqqHGS65C3vvB0YHrgF+B1YmZ3441tMj5n63k0212XNoJwzlhffQw==}
    engines: {node: ^8.16.0 || ^10.6.0 || >=11.0.0}
    os: [darwin]
    requiresBuild: true
    dev: true
    optional: true

  /randombytes@2.1.0:
    resolution: {integrity: sha512-vYl3iOX+4CKUWuxGi9Ukhie6fsqXqS9FE2Zaic4tNFD2N2QQaXOMFbuKK4QmDHC0JO6B1Zp41J0LpT0oR68amQ==}
    dependencies:
      safe-buffer: 5.2.1
    dev: true

  /rollup@4.9.0:
    resolution: {integrity: sha512-bUHW/9N21z64gw8s6tP4c88P382Bq/L5uZDowHlHx6s/QWpjJXivIAbEw6LZthgSvlEizZBfLC4OAvWe7aoF7A==}
    engines: {node: '>=18.0.0', npm: '>=8.0.0'}
    hasBin: true
    optionalDependencies:
      '@rollup/rollup-android-arm-eabi': 4.9.0
      '@rollup/rollup-android-arm64': 4.9.0
      '@rollup/rollup-darwin-arm64': 4.9.0
      '@rollup/rollup-darwin-x64': 4.9.0
      '@rollup/rollup-linux-arm-gnueabihf': 4.9.0
      '@rollup/rollup-linux-arm64-gnu': 4.9.0
      '@rollup/rollup-linux-arm64-musl': 4.9.0
      '@rollup/rollup-linux-riscv64-gnu': 4.9.0
      '@rollup/rollup-linux-x64-gnu': 4.9.0
      '@rollup/rollup-linux-x64-musl': 4.9.0
      '@rollup/rollup-win32-arm64-msvc': 4.9.0
      '@rollup/rollup-win32-ia32-msvc': 4.9.0
      '@rollup/rollup-win32-x64-msvc': 4.9.0
      fsevents: 2.3.3
    dev: true

  /safe-buffer@5.2.1:
    resolution: {integrity: sha512-rp3So07KcdmmKbGvgaNxQSJr7bGVSVk5S9Eq1F+ppbRo70+YeaDxkw5Dd8NPN+GD6bjnYm2VuPuCXmpuYvmCXQ==}
    dev: true

  /serialize-javascript@6.0.1:
    resolution: {integrity: sha512-owoXEFjWRllis8/M1Q+Cw5k8ZH40e3zhp/ovX+Xr/vi1qj6QesbyXXViFbpNvWvPNAD62SutwEXavefrLJWj7w==}
    dependencies:
      randombytes: 2.1.0
    dev: true

  /smob@1.4.1:
    resolution: {integrity: sha512-9LK+E7Hv5R9u4g4C3p+jjLstaLe11MDsL21UpYaCNmapvMkYhqCV4A/f/3gyH8QjMyh6l68q9xC85vihY9ahMQ==}
    dev: true

  /source-map-support@0.5.21:
    resolution: {integrity: sha512-uBHU3L3czsIyYXKX88fdrGovxdSCoTGDRZ6SYXtSRxLZUzHg5P/66Ht6uoUlHu9EZod+inXhKo3qQgwXUT/y1w==}
    dependencies:
      buffer-from: 1.1.2
      source-map: 0.6.1
    dev: true

  /source-map@0.6.1:
    resolution: {integrity: sha512-UjgapumWlbMhkBgzT7Ykc5YXUT46F0iKu8SGXq0bcwP5dz/h0Plj6enJqjz1Zbq2l5WaqYnrVbwWOWMyF3F47g==}
    engines: {node: '>=0.10.0'}
    dev: true

  /terser@5.26.0:
    resolution: {integrity: sha512-dytTGoE2oHgbNV9nTzgBEPaqAWvcJNl66VZ0BkJqlvp71IjO8CxdBx/ykCNb47cLnCmCvRZ6ZR0tLkqvZCdVBQ==}
    engines: {node: '>=10'}
    hasBin: true
    dependencies:
      '@jridgewell/source-map': 0.3.5
      acorn: 8.11.2
      commander: 2.20.3
      source-map-support: 0.5.21
    dev: true
